
Microsoft Visual Studio Solution File, Format Version 12.00
# Visual Studio Version 17
VisualStudioVersion = 17.0.32112.339
MinimumVisualStudioVersion = 10.0.40219.1
Project("{FAE04EC0-301F-11D3-BF4B-00C04F79EFBC}") = "multiple clients", "multiple clients\multiple clients.csproj", "{45C10A26-D884-4660-B851-48914871B83A}"
EndProject
Project("{FAE04EC0-301F-11D3-BF4B-00C04F79EFBC}") = "Client", "Client\Client.csproj", "{1BBA288D-CC6F-49FB-A2AC-ADCC075992DA}"
EndProject
Project("{FAE04EC0-301F-11D3-BF4B-00C04F79EFBC}") = "AsyncClient", "AsyncClient\AsyncClient.csproj", "{360D8B31-30FA-48AE-A275-D8F36B755DD3}"
EndProject
Global
	GlobalSection(SolutionConfigurationPlatforms) = preSolution
		Debug|Any CPU = Debug|Any CPU
		Release|Any CPU = Release|Any CPU
	EndGlobalSection
	GlobalSection(ProjectConfigurationPlatforms) = postSolution
		{45C10A26-D884-4660-B851-48914871B83A}.Debug|Any CPU.ActiveCfg = Debug|Any CPU
		{45C10A26-D884-4660-B851-48914871B83A}.Debug|Any CPU.Build.0 = Debug|Any CPU
		{45C10A26-D884-4660-B851-48914871B83A}.Release|Any CPU.ActiveCfg = Release|Any CPU
		{45C10A26-D884-4660-B851-48914871B83A}.Release|Any CPU.Build.0 = Release|Any CPU
		{1BBA288D-CC6F-49FB-A2AC-ADCC075992DA}.Debug|Any CPU.ActiveCfg = Debug|Any CPU
		{1BBA288D-CC6F-49FB-A2AC-ADCC075992DA}.Debug|Any CPU.Build.0 = Debug|Any CPU
		{1BBA288D-CC6F-49FB-A2AC-ADCC075992DA}.Release|Any CPU.ActiveCfg = Release|Any CPU
		{1BBA288D-CC6F-49FB-A2AC-ADCC075992DA}.Release|Any CPU.Build.0 = Release|Any CPU
		{360D8B31-30FA-48AE-A275-D8F36B755DD3}.Debug|Any CPU.ActiveCfg = Debug|Any CPU
		{360D8B31-30FA-48AE-A275-D8F36B755DD3}.Debug|Any CPU.Build.0 = Debug|Any CPU
		{360D8B31-30FA-48AE-A275-D8F36B755DD3}.Release|Any CPU.ActiveCfg = Release|Any CPU
		{360D8B31-30FA-48AE-A275-D8F36B755DD3}.Release|Any CPU.Build.0 = Release|Any CPU
	EndGlobalSection
	GlobalSection(SolutionProperties) = preSolution
		HideSolutionNode = FALSE
	EndGlobalSection
	GlobalSection(ExtensibilityGlobals) = postSolution
		SolutionGuid = {34A12723-168A-46E0-9F9B-BA77AFF80B8E}
	EndGlobalSection
EndGlobal
